
Microsoft Visual Studio Solution File, Format Version 12.00
# Visual Studio 2013
Project("{FAE04EC0-301F-11D3-BF4B-00C04F79EFBC}") = "TrollAvi", "TrollAvi\TrollAvi.csproj", "{1f2d5af3-7807-4237-ad19-6014b2323d1e}"
EndProject
Global
	GlobalSection(SolutionConfigurationPlatforms) = preSolution
		Debug|Any CPU = Debug|Any CPU
		Release|Any CPU = Release|Any CPU
	EndGlobalSection
	GlobalSection(ProjectConfigurationPlatforms) = postSolution
		{1F2D5AF3-7807-4237-AD19-6014B2323D1E}.Debug|Any CPU.ActiveCfg = Debug|Any CPU
		{1F2D5AF3-7807-4237-AD19-6014B2323D1E}.Debug|Any CPU.Build.0 = Debug|Any CPU
		{1F2D5AF3-7807-4237-AD19-6014B2323D1E}.Debug|Any CPU.Deploy.0 = Debug|Any CPU
		{1F2D5AF3-7807-4237-AD19-6014B2323D1E}.Release|Any CPU.ActiveCfg = Release|Any CPU
		{1F2D5AF3-7807-4237-AD19-6014B2323D1E}.Release|Any CPU.Build.0 = Release|Any CPU
		{1F2D5AF3-7807-4237-AD19-6014B2323D1E}.Release|Any CPU.Deploy.0 = Release|Any CPU
	EndGlobalSection
EndGlobal
